
Microsoft Visual Studio Solution File, Format Version 12.00
# Visual Studio Version 16
VisualStudioVersion = 16.0.808.3
MinimumVisualStudioVersion = 10.0.40219.1
Project("{FAE04EC0-301F-11D3-BF4B-00C04F79EFBC}") = "MD5-crypt", "MD5-crypt\MD5-crypt.csproj", "{9C76C0F4-F299-4826-ADDF-1659F84DE415}"
EndProject
Global
	GlobalSection(SolutionConfigurationPlatforms) = preSolution
		Debug|Any CPU = Debug|Any CPU
		Release|Any CPU = Release|Any CPU
	EndGlobalSection
	GlobalSection(ProjectConfigurationPlatforms) = postSolution
		{9C76C0F4-F299-4826-ADDF-1659F84DE415}.Debug|Any CPU.ActiveCfg = Debug|Any CPU
		{9C76C0F4-F299-4826-ADDF-1659F84DE415}.Debug|Any CPU.Build.0 = Debug|Any CPU
		{9C76C0F4-F299-4826-ADDF-1659F84DE415}.Release|Any CPU.ActiveCfg = Release|Any CPU
		{9C76C0F4-F299-4826-ADDF-1659F84DE415}.Release|Any CPU.Build.0 = Release|Any CPU
	EndGlobalSection
	GlobalSection(SolutionProperties) = preSolution
		HideSolutionNode = FALSE
	EndGlobalSection
	GlobalSection(ExtensibilityGlobals) = postSolution
		SolutionGuid = {DA87762D-9CC0-484C-BA58-55059A087AA0}
	EndGlobalSection
EndGlobal
